
Microsoft Visual Studio Solution File, Format Version 12.00
# Visual Studio Version 17
VisualStudioVersion = 17.2.32630.192
MinimumVisualStudioVersion = 10.0.40219.1
Project("{FAE04EC0-301F-11D3-BF4B-00C04F79EFBC}") = "Thales.Principal", "ThalesTechnicalTest\Thales.Principal.csproj", "{1BF3E1AC-0756-46CE-AA4E-A2861372F67E}"
EndProject
Project("{2150E333-8FDC-42A3-9474-1A3956D46DE8}") = "1.PRINCIPAL", "1.PRINCIPAL", "{8731C2A5-89F1-4A72-AA1E-1A324C18F525}"
EndProject
Global
	GlobalSection(SolutionConfigurationPlatforms) = preSolution
		Debug|Any CPU = Debug|Any CPU
		Release|Any CPU = Release|Any CPU
	EndGlobalSection
	GlobalSection(ProjectConfigurationPlatforms) = postSolution
		{1BF3E1AC-0756-46CE-AA4E-A2861372F67E}.Debug|Any CPU.ActiveCfg = Debug|Any CPU
		{1BF3E1AC-0756-46CE-AA4E-A2861372F67E}.Debug|Any CPU.Build.0 = Debug|Any CPU
		{1BF3E1AC-0756-46CE-AA4E-A2861372F67E}.Release|Any CPU.ActiveCfg = Release|Any CPU
		{1BF3E1AC-0756-46CE-AA4E-A2861372F67E}.Release|Any CPU.Build.0 = Release|Any CPU
	EndGlobalSection
	GlobalSection(SolutionProperties) = preSolution
		HideSolutionNode = FALSE
	EndGlobalSection
	GlobalSection(NestedProjects) = preSolution
		{1BF3E1AC-0756-46CE-AA4E-A2861372F67E} = {8731C2A5-89F1-4A72-AA1E-1A324C18F525}
	EndGlobalSection
	GlobalSection(ExtensibilityGlobals) = postSolution
		SolutionGuid = {BEC4046C-0371-438C-9CD7-65595CF1E9D6}
	EndGlobalSection
EndGlobal
