
Microsoft Visual Studio Solution File, Format Version 12.00
# Visual Studio Version 17
VisualStudioVersion = 17.2.32630.192
MinimumVisualStudioVersion = 10.0.40219.1
Project("{2150E333-8FDC-42A3-9474-1A3956D46DE8}") = "1.PRINCIPAL", "1.PRINCIPAL", "{8731C2A5-89F1-4A72-AA1E-1A324C18F525}"
EndProject
Project("{2150E333-8FDC-42A3-9474-1A3956D46DE8}") = "3.DATA", "3.DATA", "{EF027E35-BA89-4661-BD24-DFA7A28B9348}"
EndProject
Project("{FAE04EC0-301F-11D3-BF4B-00C04F79EFBC}") = "Thales.DataAccessLayer", "Thales.DataAccessLayer\Thales.DataAccessLayer.csproj", "{3A4CF2EF-30C9-4C56-A319-932BE79F2092}"
EndProject
Project("{2150E333-8FDC-42A3-9474-1A3956D46DE8}") = "2.BUSINESS", "2.BUSINESS", "{C4472C73-015B-4D31-B523-9CE91A93F3AE}"
EndProject
Project("{FAE04EC0-301F-11D3-BF4B-00C04F79EFBC}") = "Thales.BusinessLayer", "Thales.BusinessLayer\Thales.BusinessLayer.csproj", "{86EEDA37-CE41-42AE-A225-FE1CB530AC40}"
EndProject
Project("{2150E333-8FDC-42A3-9474-1A3956D46DE8}") = "5.COMMON_INTERFACES", "5.COMMON_INTERFACES", "{1E6194C7-4047-4604-9C5A-99BD62193412}"
EndProject
Project("{FAE04EC0-301F-11D3-BF4B-00C04F79EFBC}") = "Thales.CommonInterfaces", "Thales.CommonInterfaces\Thales.CommonInterfaces.csproj", "{D42F67EB-FEAB-499A-9E46-99D2788C650F}"
EndProject
Project("{FAE04EC0-301F-11D3-BF4B-00C04F79EFBC}") = "Thales.Principal", "Thales.Principal\Thales.Principal.csproj", "{3958A444-75B7-4242-ABE6-9C53C7802AD2}"
EndProject
Global
	GlobalSection(SolutionConfigurationPlatforms) = preSolution
		Debug|Any CPU = Debug|Any CPU
		Release|Any CPU = Release|Any CPU
	EndGlobalSection
	GlobalSection(ProjectConfigurationPlatforms) = postSolution
		{3A4CF2EF-30C9-4C56-A319-932BE79F2092}.Debug|Any CPU.ActiveCfg = Debug|Any CPU
		{3A4CF2EF-30C9-4C56-A319-932BE79F2092}.Debug|Any CPU.Build.0 = Debug|Any CPU
		{3A4CF2EF-30C9-4C56-A319-932BE79F2092}.Release|Any CPU.ActiveCfg = Release|Any CPU
		{3A4CF2EF-30C9-4C56-A319-932BE79F2092}.Release|Any CPU.Build.0 = Release|Any CPU
		{86EEDA37-CE41-42AE-A225-FE1CB530AC40}.Debug|Any CPU.ActiveCfg = Debug|Any CPU
		{86EEDA37-CE41-42AE-A225-FE1CB530AC40}.Debug|Any CPU.Build.0 = Debug|Any CPU
		{86EEDA37-CE41-42AE-A225-FE1CB530AC40}.Release|Any CPU.ActiveCfg = Release|Any CPU
		{86EEDA37-CE41-42AE-A225-FE1CB530AC40}.Release|Any CPU.Build.0 = Release|Any CPU
		{D42F67EB-FEAB-499A-9E46-99D2788C650F}.Debug|Any CPU.ActiveCfg = Debug|Any CPU
		{D42F67EB-FEAB-499A-9E46-99D2788C650F}.Debug|Any CPU.Build.0 = Debug|Any CPU
		{D42F67EB-FEAB-499A-9E46-99D2788C650F}.Release|Any CPU.ActiveCfg = Release|Any CPU
		{D42F67EB-FEAB-499A-9E46-99D2788C650F}.Release|Any CPU.Build.0 = Release|Any CPU
		{3958A444-75B7-4242-ABE6-9C53C7802AD2}.Debug|Any CPU.ActiveCfg = Debug|Any CPU
		{3958A444-75B7-4242-ABE6-9C53C7802AD2}.Debug|Any CPU.Build.0 = Debug|Any CPU
		{3958A444-75B7-4242-ABE6-9C53C7802AD2}.Release|Any CPU.ActiveCfg = Release|Any CPU
		{3958A444-75B7-4242-ABE6-9C53C7802AD2}.Release|Any CPU.Build.0 = Release|Any CPU
	EndGlobalSection
	GlobalSection(SolutionProperties) = preSolution
		HideSolutionNode = FALSE
	EndGlobalSection
	GlobalSection(NestedProjects) = preSolution
		{3A4CF2EF-30C9-4C56-A319-932BE79F2092} = {EF027E35-BA89-4661-BD24-DFA7A28B9348}
		{86EEDA37-CE41-42AE-A225-FE1CB530AC40} = {C4472C73-015B-4D31-B523-9CE91A93F3AE}
		{D42F67EB-FEAB-499A-9E46-99D2788C650F} = {1E6194C7-4047-4604-9C5A-99BD62193412}
		{3958A444-75B7-4242-ABE6-9C53C7802AD2} = {8731C2A5-89F1-4A72-AA1E-1A324C18F525}
	EndGlobalSection
	GlobalSection(ExtensibilityGlobals) = postSolution
		SolutionGuid = {BEC4046C-0371-438C-9CD7-65595CF1E9D6}
	EndGlobalSection
EndGlobal
